
Microsoft Visual Studio Solution File, Format Version 12.00
# Visual Studio Version 17
VisualStudioVersion = 17.4.33213.308
MinimumVisualStudioVersion = 10.0.40219.1
Project("{FAE04EC0-301F-11D3-BF4B-00C04F79EFBC}") = "CSharpIntro", "CSharpIntro\CSharpIntro.csproj", "{AF5D0B61-CB20-4A7E-A3AB-D8148459983D}"
EndProject
Global
	GlobalSection(SolutionConfigurationPlatforms) = preSolution
		Debug|Any CPU = Debug|Any CPU
		Release|Any CPU = Release|Any CPU
	EndGlobalSection
	GlobalSection(ProjectConfigurationPlatforms) = postSolution
		{AF5D0B61-CB20-4A7E-A3AB-D8148459983D}.Debug|Any CPU.ActiveCfg = Debug|Any CPU
		{AF5D0B61-CB20-4A7E-A3AB-D8148459983D}.Debug|Any CPU.Build.0 = Debug|Any CPU
		{AF5D0B61-CB20-4A7E-A3AB-D8148459983D}.Release|Any CPU.ActiveCfg = Release|Any CPU
		{AF5D0B61-CB20-4A7E-A3AB-D8148459983D}.Release|Any CPU.Build.0 = Release|Any CPU
	EndGlobalSection
	GlobalSection(SolutionProperties) = preSolution
		HideSolutionNode = FALSE
	EndGlobalSection
	GlobalSection(ExtensibilityGlobals) = postSolution
		SolutionGuid = {AD3774A2-CE6B-4F01-81E8-66A458BF5DFE}
	EndGlobalSection
EndGlobal
